// !$*UTF8*$!
{
	archiveVersion = 1;
	classes = {
	};
	objectVersion = 46;
	objects = {

/* Begin PBXBuildFile section */
		170D9D2D1BF905F800F0F1F3 /* Member.m in Sources */ = {isa = PBXBuildFile; fileRef = 170D9D2C1BF905F800F0F1F3 /* Member.m */; };
		170D9D301BF916F600F0F1F3 /* Comment.m in Sources */ = {isa = PBXBuildFile; fileRef = 170D9D2F1BF916F600F0F1F3 /* Comment.m */; };
		176277A41BCC3E6D00747057 /* main.m in Sources */ = {isa = PBXBuildFile; fileRef = 176277A31BCC3E6D00747057 /* main.m */; };
		176277A71BCC3E6D00747057 /* AppDelegate.m in Sources */ = {isa = PBXBuildFile; fileRef = 176277A61BCC3E6D00747057 /* AppDelegate.m */; };
		176277AA1BCC3E6D00747057 /* ViewController.m in Sources */ = {isa = PBXBuildFile; fileRef = 176277A91BCC3E6D00747057 /* ViewController.m */; };
		176277AD1BCC3E6D00747057 /* Main.storyboard in Resources */ = {isa = PBXBuildFile; fileRef = 176277AB1BCC3E6D00747057 /* Main.storyboard */; };
		176277AF1BCC3E6D00747057 /* Assets.xcassets in Resources */ = {isa = PBXBuildFile; fileRef = 176277AE1BCC3E6D00747057 /* Assets.xcassets */; };
		176277B21BCC3E6D00747057 /* LaunchScreen.storyboard in Resources */ = {isa = PBXBuildFile; fileRef = 176277B01BCC3E6D00747057 /* LaunchScreen.storyboard */; };
		176277BB1BCC606600747057 /* EventViewController.m in Sources */ = {isa = PBXBuildFile; fileRef = 176277BA1BCC606600747057 /* EventViewController.m */; };
		176277BE1BCC664A00747057 /* WebViewController.m in Sources */ = {isa = PBXBuildFile; fileRef = 176277BD1BCC664A00747057 /* WebViewController.m */; };
/* End PBXBuildFile section */

/* Begin PBXFileReference section */
		170D9D2B1BF905F800F0F1F3 /* Member.h */ = {isa = PBXFileReference; fileEncoding = 4; lastKnownFileType = sourcecode.c.h; path = Member.h; sourceTree = "<group>"; };
		170D9D2C1BF905F800F0F1F3 /* Member.m */ = {isa = PBXFileReference; fileEncoding = 4; lastKnownFileType = sourcecode.c.objc; path = Member.m; sourceTree = "<group>"; };
		170D9D2E1BF916F600F0F1F3 /* Comment.h */ = {isa = PBXFileReference; fileEncoding = 4; lastKnownFileType = sourcecode.c.h; path = Comment.h; sourceTree = "<group>"; };
		170D9D2F1BF916F600F0F1F3 /* Comment.m */ = {isa = PBXFileReference; fileEncoding = 4; lastKnownFileType = sourcecode.c.objc; path = Comment.m; sourceTree = "<group>"; };
		1762779F1BCC3E6D00747057 /* MeetMeUp.app */ = {isa = PBXFileReference; explicitFileType = wrapper.application; includeInIndex = 0; path = MeetMeUp.app; sourceTree = BUILT_PRODUCTS_DIR; };
		176277A31BCC3E6D00747057 /* main.m */ = {isa = PBXFileReference; lastKnownFileType = sourcecode.c.objc; path = main.m; sourceTree = "<group>"; };
		176277A51BCC3E6D00747057 /* AppDelegate.h */ = {isa = PBXFileReference; lastKnownFileType = sourcecode.c.h; path = AppDelegate.h; sourceTree = "<group>"; };
		176277A61BCC3E6D00747057 /* AppDelegate.m */ = {isa = PBXFileReference; lastKnownFileType = sourcecode.c.objc; path = AppDelegate.m; sourceTree = "<group>"; };
		176277A81BCC3E6D00747057 /* ViewController.h */ = {isa = PBXFileReference; lastKnownFileType = sourcecode.c.h; path = ViewController.h; sourceTree = "<group>"; };
		176277A91BCC3E6D00747057 /* ViewController.m */ = {isa = PBXFileReference; lastKnownFileType = sourcecode.c.objc; path = ViewController.m; sourceTree = "<group>"; };
		176277AC1BCC3E6D00747057 /* Base */ = {isa = PBXFileReference; lastKnownFileType = file.storyboard; name = Base; path = Base.lproj/Main.storyboard; sourceTree = "<group>"; };
		176277AE1BCC3E6D00747057 /* Assets.xcassets */ = {isa = PBXFileReference; lastKnownFileType = folder.assetcatalog; path = Assets.xcassets; sourceTree = "<group>"; };
		176277B11BCC3E6D00747057 /* Base */ = {isa = PBXFileReference; lastKnownFileType = file.storyboard; name = Base; path = Base.lproj/LaunchScreen.storyboard; sourceTree = "<group>"; };
		176277B31BCC3E6D00747057 /* Info.plist */ = {isa = PBXFileReference; lastKnownFileType = text.plist.xml; path = Info.plist; sourceTree = "<group>"; };
		176277B91BCC606600747057 /* EventViewController.h */ = {isa = PBXFileReference; fileEncoding = 4; lastKnownFileType = sourcecode.c.h; path = EventViewController.h; sourceTree = "<group>"; };
		176277BA1BCC606600747057 /* EventViewController.m */ = {isa = PBXFileReference; fileEncoding = 4; lastKnownFileType = sourcecode.c.objc; path = EventViewController.m; sourceTree = "<group>"; };
		176277BC1BCC664A00747057 /* WebViewController.h */ = {isa = PBXFileReference; fileEncoding = 4; lastKnownFileType = sourcecode.c.h; path = WebViewController.h; sourceTree = "<group>"; };
		176277BD1BCC664A00747057 /* WebViewController.m */ = {isa = PBXFileReference; fileEncoding = 4; lastKnownFileType = sourcecode.c.objc; path = WebViewController.m; sourceTree = "<group>"; };
/* End PBXFileReference section */

/* Begin PBXFrameworksBuildPhase section */
		1762779C1BCC3E6D00747057 /* Frameworks */ = {
			isa = PBXFrameworksBuildPhase;
			buildActionMask = 2147483647;
			files = (
			);
			runOnlyForDeploymentPostprocessing = 0;
		};
/* End PBXFrameworksBuildPhase section */

/* Begin PBXGroup section */
		170D9D2A1BF900D300F0F1F3 /* Models */ = {
			isa = PBXGroup;
			children = (
				170D9D2B1BF905F800F0F1F3 /* Member.h */,
				170D9D2C1BF905F800F0F1F3 /* Member.m */,
				170D9D2E1BF916F600F0F1F3 /* Comment.h */,
				170D9D2F1BF916F600F0F1F3 /* Comment.m */,
			);
			name = Models;
			sourceTree = "<group>";
		};
		176277961BCC3E6D00747057 = {
			isa = PBXGroup;
			children = (
				176277A11BCC3E6D00747057 /* MeetMeUp */,
				176277A01BCC3E6D00747057 /* Products */,
			);
			sourceTree = "<group>";
		};
		176277A01BCC3E6D00747057 /* Products */ = {
			isa = PBXGroup;
			children = (
				1762779F1BCC3E6D00747057 /* MeetMeUp.app */,
			);
			name = Products;
			sourceTree = "<group>";
		};
		176277A11BCC3E6D00747057 /* MeetMeUp */ = {
			isa = PBXGroup;
			children = (
				176277AB1BCC3E6D00747057 /* Main.storyboard */,
				176277A81BCC3E6D00747057 /* ViewController.h */,
				176277A91BCC3E6D00747057 /* ViewController.m */,
				176277B91BCC606600747057 /* EventViewController.h */,
				176277BA1BCC606600747057 /* EventViewController.m */,
				176277BC1BCC664A00747057 /* WebViewController.h */,
				176277BD1BCC664A00747057 /* WebViewController.m */,
				170D9D2A1BF900D300F0F1F3 /* Models */,
				176277A21BCC3E6D00747057 /* Supporting Files */,
			);
			path = MeetMeUp;
			sourceTree = "<group>";
		};
		176277A21BCC3E6D00747057 /* Supporting Files */ = {
			isa = PBXGroup;
			children = (
				176277A51BCC3E6D00747057 /* AppDelegate.h */,
				176277A61BCC3E6D00747057 /* AppDelegate.m */,
				176277AE1BCC3E6D00747057 /* Assets.xcassets */,
				176277B01BCC3E6D00747057 /* LaunchScreen.storyboard */,
				176277B31BCC3E6D00747057 /* Info.plist */,
				176277A31BCC3E6D00747057 /* main.m */,
			);
			name = "Supporting Files";
			sourceTree = "<group>";
		};
/* End PBXGroup section */

/* Begin PBXNativeTarget section */
		1762779E1BCC3E6D00747057 /* MeetMeUp */ = {
			isa = PBXNativeTarget;
			buildConfigurationList = 176277B61BCC3E6D00747057 /* Build configuration list for PBXNativeTarget "MeetMeUp" */;
			buildPhases = (
				1762779B1BCC3E6D00747057 /* Sources */,
				1762779C1BCC3E6D00747057 /* Frameworks */,
				1762779D1BCC3E6D00747057 /* Resources */,
			);
			buildRules = (
			);
			dependencies = (
			);
			name = MeetMeUp;
			productName = MeetMeUp;
			productReference = 1762779F1BCC3E6D00747057 /* MeetMeUp.app */;
			productType = "com.apple.product-type.application";
		};
/* End PBXNativeTarget section */

/* Begin PBXProject section */
		176277971BCC3E6D00747057 /* Project object */ = {
			isa = PBXProject;
			attributes = {
				LastUpgradeCheck = 0700;
				ORGANIZATIONNAME = "Paul Kitchener";
				TargetAttributes = {
					1762779E1BCC3E6D00747057 = {
						CreatedOnToolsVersion = 7.0;
						DevelopmentTeam = MT7PJU4GKL;
					};
				};
			};
			buildConfigurationList = 1762779A1BCC3E6D00747057 /* Build configuration list for PBXProject "MeetMeUp" */;
			compatibilityVersion = "Xcode 3.2";
			developmentRegion = English;
			hasScannedForEncodings = 0;
			knownRegions = (
				en,
				Base,
			);
			mainGroup = 176277961BCC3E6D00747057;
			productRefGroup = 176277A01BCC3E6D00747057 /* Products */;
			projectDirPath = "";
			projectRoot = "";
			targets = (
				1762779E1BCC3E6D00747057 /* MeetMeUp */,
			);
		};
/* End PBXProject section */

/* Begin PBXResourcesBuildPhase section */
		1762779D1BCC3E6D00747057 /* Resources */ = {
			isa = PBXResourcesBuildPhase;
			buildActionMask = 2147483647;
			files = (
				176277B21BCC3E6D00747057 /* LaunchScreen.storyboard in Resources */,
				176277AF1BCC3E6D00747057 /* Assets.xcassets in Resources */,
				176277AD1BCC3E6D00747057 /* Main.storyboard in Resources */,
			);
			runOnlyForDeploymentPostprocessing = 0;
		};
/* End PBXResourcesBuildPhase section */

/* Begin PBXSourcesBuildPhase section */
		1762779B1BCC3E6D00747057 /* Sources */ = {
			isa = PBXSourcesBuildPhase;
			buildActionMask = 2147483647;
			files = (
				170D9D301BF916F600F0F1F3 /* Comment.m in Sources */,
				176277AA1BCC3E6D00747057 /* ViewController.m in Sources */,
				170D9D2D1BF905F800F0F1F3 /* Member.m in Sources */,
				176277BE1BCC664A00747057 /* WebViewController.m in Sources */,
				176277BB1BCC606600747057 /* EventViewController.m in Sources */,
				176277A71BCC3E6D00747057 /* AppDelegate.m in Sources */,
				176277A41BCC3E6D00747057 /* main.m in Sources */,
			);
			runOnlyForDeploymentPostprocessing = 0;
		};
/* End PBXSourcesBuildPhase section */

/* Begin PBXVariantGroup section */
		176277AB1BCC3E6D00747057 /* Main.storyboard */ = {
			isa = PBXVariantGroup;
			children = (
				176277AC1BCC3E6D00747057 /* Base */,
			);
			name = Main.storyboard;
			sourceTree = "<group>";
		};
		176277B01BCC3E6D00747057 /* LaunchScreen.storyboard */ = {
			isa = PBXVariantGroup;
			children = (
				176277B11BCC3E6D00747057 /* Base */,
			);
			name = LaunchScreen.storyboard;
			sourceTree = "<group>";
		};
/* End PBXVariantGroup section */

/* Begin XCBuildConfiguration section */
		176277B41BCC3E6D00747057 /* Debug */ = {
			isa = XCBuildConfiguration;
			buildSettings = {
				ALWAYS_SEARCH_USER_PATHS = NO;
				CLANG_CXX_LANGUAGE_STANDARD = "gnu++0x";
				CLANG_CXX_LIBRARY = "libc++";
				CLANG_ENABLE_MODULES = YES;
				CLANG_ENABLE_OBJC_ARC = YES;
				CLANG_WARN_BOOL_CONVERSION = YES;
				CLANG_WARN_CONSTANT_CONVERSION = YES;
				CLANG_WARN_DIRECT_OBJC_ISA_USAGE = YES_ERROR;
				CLANG_WARN_EMPTY_BODY = YES;
				CLANG_WARN_ENUM_CONVERSION = YES;
				CLANG_WARN_INT_CONVERSION = YES;
				CLANG_WARN_OBJC_ROOT_CLASS = YES_ERROR;
				CLANG_WARN_UNREACHABLE_CODE = YES;
				CLANG_WARN__DUPLICATE_METHOD_MATCH = YES;
				"CODE_SIGN_IDENTITY[sdk=iphoneos*]" = "iPhone Developer";
				COPY_PHASE_STRIP = NO;
				DEBUG_INFORMATION_FORMAT = dwarf;
				ENABLE_STRICT_OBJC_MSGSEND = YES;
				ENABLE_TESTABILITY = YES;
				GCC_C_LANGUAGE_STANDARD = gnu99;
				GCC_DYNAMIC_NO_PIC = NO;
				GCC_NO_COMMON_BLOCKS = YES;
				GCC_OPTIMIZATION_LEVEL = 0;
				GCC_PREPROCESSOR_DEFINITIONS = (
					"DEBUG=1",
					"$(inherited)",
				);
				GCC_WARN_64_TO_32_BIT_CONVERSION = YES;
				GCC_WARN_ABOUT_RETURN_TYPE = YES_ERROR;
				GCC_WARN_UNDECLARED_SELECTOR = YES;
				GCC_WARN_UNINITIALIZED_AUTOS = YES_AGGRESSIVE;
				GCC_WARN_UNUSED_FUNCTION = YES;
				GCC_WARN_UNUSED_VARIABLE = YES;
				IPHONEOS_DEPLOYMENT_TARGET = 9.0;
				MTL_ENABLE_DEBUG_INFO = YES;
				ONLY_ACTIVE_ARCH = YES;
				SDKROOT = iphoneos;
			};
			name = Debug;
		};
		176277B51BCC3E6D00747057 /* Release */ = {
			isa = XCBuildConfiguration;
			buildSettings = {
				ALWAYS_SEARCH_USER_PATHS = NO;
				CLANG_CXX_LANGUAGE_STANDARD = "gnu++0x";
				CLANG_CXX_LIBRARY = "libc++";
				CLANG_ENABLE_MODULES = YES;
				CLANG_ENABLE_OBJC_ARC = YES;
				CLANG_WARN_BOOL_CONVERSION = YES;
				CLANG_WARN_CONSTANT_CONVERSION = YES;
				CLANG_WARN_DIRECT_OBJC_ISA_USAGE = YES_ERROR;
				CLANG_WARN_EMPTY_BODY = YES;
				CLANG_WARN_ENUM_CONVERSION = YES;
				CLANG_WARN_INT_CONVERSION = YES;
				CLANG_WARN_OBJC_ROOT_CLASS = YES_ERROR;
				CLANG_WARN_UNREACHABLE_CODE = YES;
				CLANG_WARN__DUPLICATE_METHOD_MATCH = YES;
				"CODE_SIGN_IDENTITY[sdk=iphoneos*]" = "iPhone Developer";
				COPY_PHASE_STRIP = NO;
				DEBUG_INFORMATION_FORMAT = "dwarf-with-dsym";
				ENABLE_NS_ASSERTIONS = NO;
				ENABLE_STRICT_OBJC_MSGSEND = YES;
				GCC_C_LANGUAGE_STANDARD = gnu99;
				GCC_NO_COMMON_BLOCKS = YES;
				GCC_WARN_64_TO_32_BIT_CONVERSION = YES;
				GCC_WARN_ABOUT_RETURN_TYPE = YES_ERROR;
				GCC_WARN_UNDECLARED_SELECTOR = YES;
				GCC_WARN_UNINITIALIZED_AUTOS = YES_AGGRESSIVE;
				GCC_WARN_UNUSED_FUNCTION = YES;
				GCC_WARN_UNUSED_VARIABLE = YES;
				IPHONEOS_DEPLOYMENT_TARGET = 9.0;
				MTL_ENABLE_DEBUG_INFO = NO;
				SDKROOT = iphoneos;
				VALIDATE_PRODUCT = YES;
			};
			name = Release;
		};
		176277B71BCC3E6D00747057 /* Debug */ = {
			isa = XCBuildConfiguration;
			buildSettings = {
				ASSETCATALOG_COMPILER_APPICON_NAME = AppIcon;
				INFOPLIST_FILE = MeetMeUp/Info.plist;
				LD_RUNPATH_SEARCH_PATHS = "$(inherited) @executable_path/Frameworks";
				PRODUCT_BUNDLE_IDENTIFIER = paulkitchener.MeetMeUp;
				PRODUCT_NAME = "$(TARGET_NAME)";
			};
			name = Debug;
		};
		176277B81BCC3E6D00747057 /* Release */ = {
			isa = XCBuildConfiguration;
			buildSettings = {
				ASSETCATALOG_COMPILER_APPICON_NAME = AppIcon;
				INFOPLIST_FILE = MeetMeUp/Info.plist;
				LD_RUNPATH_SEARCH_PATHS = "$(inherited) @executable_path/Frameworks";
				PRODUCT_BUNDLE_IDENTIFIER = paulkitchener.MeetMeUp;
				PRODUCT_NAME = "$(TARGET_NAME)";
			};
			name = Release;
		};
/* End XCBuildConfiguration section */

/* Begin XCConfigurationList section */
		1762779A1BCC3E6D00747057 /* Build configuration list for PBXProject "MeetMeUp" */ = {
			isa = XCConfigurationList;
			buildConfigurations = (
				176277B41BCC3E6D00747057 /* Debug */,
				176277B51BCC3E6D00747057 /* Release */,
			);
			defaultConfigurationIsVisible = 0;
			defaultConfigurationName = Release;
		};
		176277B61BCC3E6D00747057 /* Build configuration list for PBXNativeTarget "MeetMeUp" */ = {
			isa = XCConfigurationList;
			buildConfigurations = (
				176277B71BCC3E6D00747057 /* Debug */,
				176277B81BCC3E6D00747057 /* Release */,
			);
			defaultConfigurationIsVisible = 0;
			defaultConfigurationName = Release;
		};
/* End XCConfigurationList section */
	};
	rootObject = 176277971BCC3E6D00747057 /* Project object */;
}
